// !$*UTF8*$!
{
	archiveVersion = 1;
	classes = {
	};
	objectVersion = 50;
	objects = {

/* Begin PBXBuildFile section */
		6C6F961625D6BAE70088AED2 /* FruitDetailView.swift in Sources */ = {isa = PBXBuildFile; fileRef = 6C6F961525D6BAE70088AED2 /* FruitDetailView.swift */; };
		6C6F961B25D6BDFE0088AED2 /* FruitHeaderView.swift in Sources */ = {isa = PBXBuildFile; fileRef = 6C6F961A25D6BDFE0088AED2 /* FruitHeaderView.swift */; };
		6C6F962325D6C0270088AED2 /* SourceLinkView.swift in Sources */ = {isa = PBXBuildFile; fileRef = 6C6F962225D6C0270088AED2 /* SourceLinkView.swift */; };
		6C6F962825D6C12F0088AED2 /* FruitNutrientsView.swift in Sources */ = {isa = PBXBuildFile; fileRef = 6C6F962725D6C12F0088AED2 /* FruitNutrientsView.swift */; };
		6C6F962D25D6C3D20088AED2 /* SettingsView.swift in Sources */ = {isa = PBXBuildFile; fileRef = 6C6F962C25D6C3D20088AED2 /* SettingsView.swift */; };
		6C6F963225D6C9960088AED2 /* SettingsLabelView.swift in Sources */ = {isa = PBXBuildFile; fileRef = 6C6F963125D6C9960088AED2 /* SettingsLabelView.swift */; };
		6C6F963725D6CBE20088AED2 /* SettingsRowView.swift in Sources */ = {isa = PBXBuildFile; fileRef = 6C6F963625D6CBE20088AED2 /* SettingsRowView.swift */; };
		6CB6535325D696180043DF16 /* AppDelegate.swift in Sources */ = {isa = PBXBuildFile; fileRef = 6CB6535225D696180043DF16 /* AppDelegate.swift */; };
		6CB6535525D696180043DF16 /* SceneDelegate.swift in Sources */ = {isa = PBXBuildFile; fileRef = 6CB6535425D696180043DF16 /* SceneDelegate.swift */; };
		6CB6535725D696180043DF16 /* ContentView.swift in Sources */ = {isa = PBXBuildFile; fileRef = 6CB6535625D696180043DF16 /* ContentView.swift */; };
		6CB6535925D696180043DF16 /* Assets.xcassets in Resources */ = {isa = PBXBuildFile; fileRef = 6CB6535825D696180043DF16 /* Assets.xcassets */; };
		6CB6535C25D696180043DF16 /* Preview Assets.xcassets in Resources */ = {isa = PBXBuildFile; fileRef = 6CB6535B25D696180043DF16 /* Preview Assets.xcassets */; };
		6CB6535F25D696180043DF16 /* LaunchScreen.storyboard in Resources */ = {isa = PBXBuildFile; fileRef = 6CB6535D25D696180043DF16 /* LaunchScreen.storyboard */; };
		6CB6539425D69F6B0043DF16 /* FruitCardView.swift in Sources */ = {isa = PBXBuildFile; fileRef = 6CB6539325D69F6B0043DF16 /* FruitCardView.swift */; };
		6CB6539925D6A3790043DF16 /* StartButtonView.swift in Sources */ = {isa = PBXBuildFile; fileRef = 6CB6539825D6A3790043DF16 /* StartButtonView.swift */; };
		6CB6539E25D6A5B80043DF16 /* OnBoardingView.swift in Sources */ = {isa = PBXBuildFile; fileRef = 6CB6539D25D6A5B80043DF16 /* OnBoardingView.swift */; };
		6CB653AC25D6A9900043DF16 /* FruitModel.swift in Sources */ = {isa = PBXBuildFile; fileRef = 6CB653AB25D6A9900043DF16 /* FruitModel.swift */; };
		6CB653B525D6AA780043DF16 /* FruitData.swift in Sources */ = {isa = PBXBuildFile; fileRef = 6CB653B425D6AA780043DF16 /* FruitData.swift */; };
		6CB653C025D6B0860043DF16 /* FruitApp.swift in Sources */ = {isa = PBXBuildFile; fileRef = 6CB653BF25D6B0860043DF16 /* FruitApp.swift */; };
		6CB653CB25D6B19A0043DF16 /* FruitRowView.swift in Sources */ = {isa = PBXBuildFile; fileRef = 6CB653CA25D6B19A0043DF16 /* FruitRowView.swift */; };
/* End PBXBuildFile section */

/* Begin PBXContainerItemProxy section */
		6CB6536625D696190043DF16 /* PBXContainerItemProxy */ = {
			isa = PBXContainerItemProxy;
			containerPortal = 6CB6534725D696180043DF16 /* Project object */;
			proxyType = 1;
			remoteGlobalIDString = 6CB6534E25D696180043DF16;
			remoteInfo = Fruits;
		};
		6CB6537125D696190043DF16 /* PBXContainerItemProxy */ = {
			isa = PBXContainerItemProxy;
			containerPortal = 6CB6534725D696180043DF16 /* Project object */;
			proxyType = 1;
			remoteGlobalIDString = 6CB6534E25D696180043DF16;
			remoteInfo = Fruits;
		};
/* End PBXContainerItemProxy section */

/* Begin PBXFileReference section */
		6C6F961525D6BAE70088AED2 /* FruitDetailView.swift */ = {isa = PBXFileReference; lastKnownFileType = sourcecode.swift; path = FruitDetailView.swift; sourceTree = "<group>"; };
		6C6F961A25D6BDFE0088AED2 /* FruitHeaderView.swift */ = {isa = PBXFileReference; lastKnownFileType = sourcecode.swift; path = FruitHeaderView.swift; sourceTree = "<group>"; };
		6C6F962225D6C0270088AED2 /* SourceLinkView.swift */ = {isa = PBXFileReference; lastKnownFileType = sourcecode.swift; path = SourceLinkView.swift; sourceTree = "<group>"; };
		6C6F962725D6C12F0088AED2 /* FruitNutrientsView.swift */ = {isa = PBXFileReference; lastKnownFileType = sourcecode.swift; path = FruitNutrientsView.swift; sourceTree = "<group>"; };
		6C6F962C25D6C3D20088AED2 /* SettingsView.swift */ = {isa = PBXFileReference; lastKnownFileType = sourcecode.swift; path = SettingsView.swift; sourceTree = "<group>"; };
		6C6F963125D6C9960088AED2 /* SettingsLabelView.swift */ = {isa = PBXFileReference; lastKnownFileType = sourcecode.swift; path = SettingsLabelView.swift; sourceTree = "<group>"; };
		6C6F963625D6CBE20088AED2 /* SettingsRowView.swift */ = {isa = PBXFileReference; lastKnownFileType = sourcecode.swift; path = SettingsRowView.swift; sourceTree = "<group>"; };
		6CB6534F25D696180043DF16 /* Fruits.app */ = {isa = PBXFileReference; explicitFileType = wrapper.application; includeInIndex = 0; path = Fruits.app; sourceTree = BUILT_PRODUCTS_DIR; };
		6CB6535225D696180043DF16 /* AppDelegate.swift */ = {isa = PBXFileReference; lastKnownFileType = sourcecode.swift; path = AppDelegate.swift; sourceTree = "<group>"; };
		6CB6535425D696180043DF16 /* SceneDelegate.swift */ = {isa = PBXFileReference; lastKnownFileType = sourcecode.swift; path = SceneDelegate.swift; sourceTree = "<group>"; };
		6CB6535625D696180043DF16 /* ContentView.swift */ = {isa = PBXFileReference; lastKnownFileType = sourcecode.swift; path = ContentView.swift; sourceTree = "<group>"; };
		6CB6535825D696180043DF16 /* Assets.xcassets */ = {isa = PBXFileReference; lastKnownFileType = folder.assetcatalog; path = Assets.xcassets; sourceTree = "<group>"; };
		6CB6535B25D696180043DF16 /* Preview Assets.xcassets */ = {isa = PBXFileReference; lastKnownFileType = folder.assetcatalog; path = "Preview Assets.xcassets"; sourceTree = "<group>"; };
		6CB6535E25D696180043DF16 /* Base */ = {isa = PBXFileReference; lastKnownFileType = file.storyboard; name = Base; path = Base.lproj/LaunchScreen.storyboard; sourceTree = "<group>"; };
		6CB6536025D696180043DF16 /* Info.plist */ = {isa = PBXFileReference; lastKnownFileType = text.plist.xml; path = Info.plist; sourceTree = "<group>"; };
		6CB6536525D696190043DF16 /* FruitsTests.xctest */ = {isa = PBXFileReference; explicitFileType = wrapper.cfbundle; includeInIndex = 0; path = FruitsTests.xctest; sourceTree = BUILT_PRODUCTS_DIR; };
		6CB6537025D696190043DF16 /* FruitsUITests.xctest */ = {isa = PBXFileReference; explicitFileType = wrapper.cfbundle; includeInIndex = 0; path = FruitsUITests.xctest; sourceTree = BUILT_PRODUCTS_DIR; };
		6CB6539325D69F6B0043DF16 /* FruitCardView.swift */ = {isa = PBXFileReference; lastKnownFileType = sourcecode.swift; path = FruitCardView.swift; sourceTree = "<group>"; };
		6CB6539825D6A3790043DF16 /* StartButtonView.swift */ = {isa = PBXFileReference; lastKnownFileType = sourcecode.swift; path = StartButtonView.swift; sourceTree = "<group>"; };
		6CB6539D25D6A5B80043DF16 /* OnBoardingView.swift */ = {isa = PBXFileReference; lastKnownFileType = sourcecode.swift; path = OnBoardingView.swift; sourceTree = "<group>"; };
		6CB653AB25D6A9900043DF16 /* FruitModel.swift */ = {isa = PBXFileReference; lastKnownFileType = sourcecode.swift; path = FruitModel.swift; sourceTree = "<group>"; };
		6CB653B425D6AA780043DF16 /* FruitData.swift */ = {isa = PBXFileReference; lastKnownFileType = sourcecode.swift; path = FruitData.swift; sourceTree = "<group>"; };
		6CB653BF25D6B0860043DF16 /* FruitApp.swift */ = {isa = PBXFileReference; lastKnownFileType = sourcecode.swift; path = FruitApp.swift; sourceTree = "<group>"; };
		6CB653CA25D6B19A0043DF16 /* FruitRowView.swift */ = {isa = PBXFileReference; lastKnownFileType = sourcecode.swift; path = FruitRowView.swift; sourceTree = "<group>"; };
/* End PBXFileReference section */

/* Begin PBXFrameworksBuildPhase section */
		6CB6534C25D696180043DF16 /* Frameworks */ = {
			isa = PBXFrameworksBuildPhase;
			buildActionMask = 2147483647;
			files = (
			);
			runOnlyForDeploymentPostprocessing = 0;
		};
		6CB6536225D696190043DF16 /* Frameworks */ = {
			isa = PBXFrameworksBuildPhase;
			buildActionMask = 2147483647;
			files = (
			);
			runOnlyForDeploymentPostprocessing = 0;
		};
		6CB6536D25D696190043DF16 /* Frameworks */ = {
			isa = PBXFrameworksBuildPhase;
			buildActionMask = 2147483647;
			files = (
			);
			runOnlyForDeploymentPostprocessing = 0;
		};
/* End PBXFrameworksBuildPhase section */

/* Begin PBXGroup section */
		6CB6534625D696180043DF16 = {
			isa = PBXGroup;
			children = (
				6CB6535125D696180043DF16 /* Fruits */,
				6CB6535025D696180043DF16 /* Products */,
			);
			sourceTree = "<group>";
		};
		6CB6535025D696180043DF16 /* Products */ = {
			isa = PBXGroup;
			children = (
				6CB6534F25D696180043DF16 /* Fruits.app */,
				6CB6536525D696190043DF16 /* FruitsTests.xctest */,
				6CB6537025D696190043DF16 /* FruitsUITests.xctest */,
			);
			name = Products;
			sourceTree = "<group>";
		};
		6CB6535125D696180043DF16 /* Fruits */ = {
			isa = PBXGroup;
			children = (
				6CB6535225D696180043DF16 /* AppDelegate.swift */,
				6CB6535425D696180043DF16 /* SceneDelegate.swift */,
				6CB653B325D6AA630043DF16 /* Data */,
				6CB653AA25D6A9790043DF16 /* Model */,
				6CB6539225D69F5C0043DF16 /* View */,
				6CB6538B25D69F140043DF16 /* APP */,
				6CB6535825D696180043DF16 /* Assets.xcassets */,
				6CB6535D25D696180043DF16 /* LaunchScreen.storyboard */,
				6CB6536025D696180043DF16 /* Info.plist */,
				6CB6535A25D696180043DF16 /* Preview Content */,
			);
			path = Fruits;
			sourceTree = "<group>";
		};
		6CB6535A25D696180043DF16 /* Preview Content */ = {
			isa = PBXGroup;
			children = (
				6CB6535B25D696180043DF16 /* Preview Assets.xcassets */,
			);
			path = "Preview Content";
			sourceTree = "<group>";
		};
		6CB6538B25D69F140043DF16 /* APP */ = {
			isa = PBXGroup;
			children = (
				6C6F961525D6BAE70088AED2 /* FruitDetailView.swift */,
				6CB653BF25D6B0860043DF16 /* FruitApp.swift */,
				6CB6535625D696180043DF16 /* ContentView.swift */,
				6CB6539D25D6A5B80043DF16 /* OnBoardingView.swift */,
				6C6F962C25D6C3D20088AED2 /* SettingsView.swift */,
			);
			path = APP;
			sourceTree = "<group>";
		};
		6CB6539225D69F5C0043DF16 /* View */ = {
			isa = PBXGroup;
			children = (
				6CB6539825D6A3790043DF16 /* StartButtonView.swift */,
				6CB6539325D69F6B0043DF16 /* FruitCardView.swift */,
				6CB653CA25D6B19A0043DF16 /* FruitRowView.swift */,
				6C6F961A25D6BDFE0088AED2 /* FruitHeaderView.swift */,
				6C6F962225D6C0270088AED2 /* SourceLinkView.swift */,
				6C6F962725D6C12F0088AED2 /* FruitNutrientsView.swift */,
				6C6F963125D6C9960088AED2 /* SettingsLabelView.swift */,
				6C6F963625D6CBE20088AED2 /* SettingsRowView.swift */,
			);
			path = View;
			sourceTree = "<group>";
		};
		6CB653AA25D6A9790043DF16 /* Model */ = {
			isa = PBXGroup;
			children = (
				6CB653AB25D6A9900043DF16 /* FruitModel.swift */,
			);
			path = Model;
			sourceTree = "<group>";
		};
		6CB653B325D6AA630043DF16 /* Data */ = {
			isa = PBXGroup;
			children = (
				6CB653B425D6AA780043DF16 /* FruitData.swift */,
			);
			path = Data;
			sourceTree = "<group>";
		};
/* End PBXGroup section */

/* Begin PBXNativeTarget section */
		6CB6534E25D696180043DF16 /* Fruits */ = {
			isa = PBXNativeTarget;
			buildConfigurationList = 6CB6537925D696190043DF16 /* Build configuration list for PBXNativeTarget "Fruits" */;
			buildPhases = (
				6CB6534B25D696180043DF16 /* Sources */,
				6CB6534C25D696180043DF16 /* Frameworks */,
				6CB6534D25D696180043DF16 /* Resources */,
			);
			buildRules = (
			);
			dependencies = (
			);
			name = Fruits;
			productName = Fruits;
			productReference = 6CB6534F25D696180043DF16 /* Fruits.app */;
			productType = "com.apple.product-type.application";
		};
		6CB6536425D696190043DF16 /* FruitsTests */ = {
			isa = PBXNativeTarget;
			buildConfigurationList = 6CB6537C25D696190043DF16 /* Build configuration list for PBXNativeTarget "FruitsTests" */;
			buildPhases = (
				6CB6536125D696190043DF16 /* Sources */,
				6CB6536225D696190043DF16 /* Frameworks */,
				6CB6536325D696190043DF16 /* Resources */,
			);
			buildRules = (
			);
			dependencies = (
				6CB6536725D696190043DF16 /* PBXTargetDependency */,
			);
			name = FruitsTests;
			productName = FruitsTests;
			productReference = 6CB6536525D696190043DF16 /* FruitsTests.xctest */;
			productType = "com.apple.product-type.bundle.unit-test";
		};
		6CB6536F25D696190043DF16 /* FruitsUITests */ = {
			isa = PBXNativeTarget;
			buildConfigurationList = 6CB6537F25D696190043DF16 /* Build configuration list for PBXNativeTarget "FruitsUITests" */;
			buildPhases = (
				6CB6536C25D696190043DF16 /* Sources */,
				6CB6536D25D696190043DF16 /* Frameworks */,
				6CB6536E25D696190043DF16 /* Resources */,
			);
			buildRules = (
			);
			dependencies = (
				6CB6537225D696190043DF16 /* PBXTargetDependency */,
			);
			name = FruitsUITests;
			productName = FruitsUITests;
			productReference = 6CB6537025D696190043DF16 /* FruitsUITests.xctest */;
			productType = "com.apple.product-type.bundle.ui-testing";
		};
/* End PBXNativeTarget section */

/* Begin PBXProject section */
		6CB6534725D696180043DF16 /* Project object */ = {
			isa = PBXProject;
			attributes = {
				LastSwiftUpdateCheck = 1240;
				LastUpgradeCheck = 1240;
				TargetAttributes = {
					6CB6534E25D696180043DF16 = {
						CreatedOnToolsVersion = 12.4;
					};
					6CB6536425D696190043DF16 = {
						CreatedOnToolsVersion = 12.4;
						TestTargetID = 6CB6534E25D696180043DF16;
					};
					6CB6536F25D696190043DF16 = {
						CreatedOnToolsVersion = 12.4;
						TestTargetID = 6CB6534E25D696180043DF16;
					};
				};
			};
			buildConfigurationList = 6CB6534A25D696180043DF16 /* Build configuration list for PBXProject "Fruits" */;
			compatibilityVersion = "Xcode 9.3";
			developmentRegion = en;
			hasScannedForEncodings = 0;
			knownRegions = (
				en,
				Base,
			);
			mainGroup = 6CB6534625D696180043DF16;
			productRefGroup = 6CB6535025D696180043DF16 /* Products */;
			projectDirPath = "";
			projectRoot = "";
			targets = (
				6CB6534E25D696180043DF16 /* Fruits */,
				6CB6536425D696190043DF16 /* FruitsTests */,
				6CB6536F25D696190043DF16 /* FruitsUITests */,
			);
		};
/* End PBXProject section */

/* Begin PBXResourcesBuildPhase section */
		6CB6534D25D696180043DF16 /* Resources */ = {
			isa = PBXResourcesBuildPhase;
			buildActionMask = 2147483647;
			files = (
				6CB6535F25D696180043DF16 /* LaunchScreen.storyboard in Resources */,
				6CB6535C25D696180043DF16 /* Preview Assets.xcassets in Resources */,
				6CB6535925D696180043DF16 /* Assets.xcassets in Resources */,
			);
			runOnlyForDeploymentPostprocessing = 0;
		};
		6CB6536325D696190043DF16 /* Resources */ = {
			isa = PBXResourcesBuildPhase;
			buildActionMask = 2147483647;
			files = (
			);
			runOnlyForDeploymentPostprocessing = 0;
		};
		6CB6536E25D696190043DF16 /* Resources */ = {
			isa = PBXResourcesBuildPhase;
			buildActionMask = 2147483647;
			files = (
			);
			runOnlyForDeploymentPostprocessing = 0;
		};
/* End PBXResourcesBuildPhase section */

/* Begin PBXSourcesBuildPhase section */
		6CB6534B25D696180043DF16 /* Sources */ = {
			isa = PBXSourcesBuildPhase;
			buildActionMask = 2147483647;
			files = (
				6C6F962D25D6C3D20088AED2 /* SettingsView.swift in Sources */,
				6CB653CB25D6B19A0043DF16 /* FruitRowView.swift in Sources */,
				6CB6535325D696180043DF16 /* AppDelegate.swift in Sources */,
				6C6F961B25D6BDFE0088AED2 /* FruitHeaderView.swift in Sources */,
				6CB6539425D69F6B0043DF16 /* FruitCardView.swift in Sources */,
				6CB653C025D6B0860043DF16 /* FruitApp.swift in Sources */,
				6CB653B525D6AA780043DF16 /* FruitData.swift in Sources */,
				6C6F962325D6C0270088AED2 /* SourceLinkView.swift in Sources */,
				6CB6535525D696180043DF16 /* SceneDelegate.swift in Sources */,
				6C6F962825D6C12F0088AED2 /* FruitNutrientsView.swift in Sources */,
				6CB6539925D6A3790043DF16 /* StartButtonView.swift in Sources */,
				6C6F963725D6CBE20088AED2 /* SettingsRowView.swift in Sources */,
				6C6F961625D6BAE70088AED2 /* FruitDetailView.swift in Sources */,
				6CB6539E25D6A5B80043DF16 /* OnBoardingView.swift in Sources */,
				6CB6535725D696180043DF16 /* ContentView.swift in Sources */,
				6C6F963225D6C9960088AED2 /* SettingsLabelView.swift in Sources */,
				6CB653AC25D6A9900043DF16 /* FruitModel.swift in Sources */,
			);
			runOnlyForDeploymentPostprocessing = 0;
		};
		6CB6536125D696190043DF16 /* Sources */ = {
			isa = PBXSourcesBuildPhase;
			buildActionMask = 2147483647;
			files = (
			);
			runOnlyForDeploymentPostprocessing = 0;
		};
		6CB6536C25D696190043DF16 /* Sources */ = {
			isa = PBXSourcesBuildPhase;
			buildActionMask = 2147483647;
			files = (
			);
			runOnlyForDeploymentPostprocessing = 0;
		};
/* End PBXSourcesBuildPhase section */

/* Begin PBXTargetDependency section */
		6CB6536725D696190043DF16 /* PBXTargetDependency */ = {
			isa = PBXTargetDependency;
			target = 6CB6534E25D696180043DF16 /* Fruits */;
			targetProxy = 6CB6536625D696190043DF16 /* PBXContainerItemProxy */;
		};
		6CB6537225D696190043DF16 /* PBXTargetDependency */ = {
			isa = PBXTargetDependency;
			target = 6CB6534E25D696180043DF16 /* Fruits */;
			targetProxy = 6CB6537125D696190043DF16 /* PBXContainerItemProxy */;
		};
/* End PBXTargetDependency section */

/* Begin PBXVariantGroup section */
		6CB6535D25D696180043DF16 /* LaunchScreen.storyboard */ = {
			isa = PBXVariantGroup;
			children = (
				6CB6535E25D696180043DF16 /* Base */,
			);
			name = LaunchScreen.storyboard;
			sourceTree = "<group>";
		};
/* End PBXVariantGroup section */

/* Begin XCBuildConfiguration section */
		6CB6537725D696190043DF16 /* Debug */ = {
			isa = XCBuildConfiguration;
			buildSettings = {
				ALWAYS_SEARCH_USER_PATHS = NO;
				CLANG_ANALYZER_NONNULL = YES;
				CLANG_ANALYZER_NUMBER_OBJECT_CONVERSION = YES_AGGRESSIVE;
				CLANG_CXX_LANGUAGE_STANDARD = "gnu++14";
				CLANG_CXX_LIBRARY = "libc++";
				CLANG_ENABLE_MODULES = YES;
				CLANG_ENABLE_OBJC_ARC = YES;
				CLANG_ENABLE_OBJC_WEAK = YES;
				CLANG_WARN_BLOCK_CAPTURE_AUTORELEASING = YES;
				CLANG_WARN_BOOL_CONVERSION = YES;
				CLANG_WARN_COMMA = YES;
				CLANG_WARN_CONSTANT_CONVERSION = YES;
				CLANG_WARN_DEPRECATED_OBJC_IMPLEMENTATIONS = YES;
				CLANG_WARN_DIRECT_OBJC_ISA_USAGE = YES_ERROR;
				CLANG_WARN_DOCUMENTATION_COMMENTS = YES;
				CLANG_WARN_EMPTY_BODY = YES;
				CLANG_WARN_ENUM_CONVERSION = YES;
				CLANG_WARN_INFINITE_RECURSION = YES;
				CLANG_WARN_INT_CONVERSION = YES;
				CLANG_WARN_NON_LITERAL_NULL_CONVERSION = YES;
				CLANG_WARN_OBJC_IMPLICIT_RETAIN_SELF = YES;
				CLANG_WARN_OBJC_LITERAL_CONVERSION = YES;
				CLANG_WARN_OBJC_ROOT_CLASS = YES_ERROR;
				CLANG_WARN_QUOTED_INCLUDE_IN_FRAMEWORK_HEADER = YES;
				CLANG_WARN_RANGE_LOOP_ANALYSIS = YES;
				CLANG_WARN_STRICT_PROTOTYPES = YES;
				CLANG_WARN_SUSPICIOUS_MOVE = YES;
				CLANG_WARN_UNGUARDED_AVAILABILITY = YES_AGGRESSIVE;
				CLANG_WARN_UNREACHABLE_CODE = YES;
				CLANG_WARN__DUPLICATE_METHOD_MATCH = YES;
				COPY_PHASE_STRIP = NO;
				DEBUG_INFORMATION_FORMAT = dwarf;
				ENABLE_STRICT_OBJC_MSGSEND = YES;
				ENABLE_TESTABILITY = YES;
				GCC_C_LANGUAGE_STANDARD = gnu11;
				GCC_DYNAMIC_NO_PIC = NO;
				GCC_NO_COMMON_BLOCKS = YES;
				GCC_OPTIMIZATION_LEVEL = 0;
				GCC_PREPROCESSOR_DEFINITIONS = (
					"DEBUG=1",
					"$(inherited)",
				);
				GCC_WARN_64_TO_32_BIT_CONVERSION = YES;
				GCC_WARN_ABOUT_RETURN_TYPE = YES_ERROR;
				GCC_WARN_UNDECLARED_SELECTOR = YES;
				GCC_WARN_UNINITIALIZED_AUTOS = YES_AGGRESSIVE;
				GCC_WARN_UNUSED_FUNCTION = YES;
				GCC_WARN_UNUSED_VARIABLE = YES;
				IPHONEOS_DEPLOYMENT_TARGET = 14.4;
				MTL_ENABLE_DEBUG_INFO = INCLUDE_SOURCE;
				MTL_FAST_MATH = YES;
				ONLY_ACTIVE_ARCH = YES;
				SDKROOT = iphoneos;
				SWIFT_ACTIVE_COMPILATION_CONDITIONS = DEBUG;
				SWIFT_OPTIMIZATION_LEVEL = "-Onone";
			};
			name = Debug;
		};
		6CB6537825D696190043DF16 /* Release */ = {
			isa = XCBuildConfiguration;
			buildSettings = {
				ALWAYS_SEARCH_USER_PATHS = NO;
				CLANG_ANALYZER_NONNULL = YES;
				CLANG_ANALYZER_NUMBER_OBJECT_CONVERSION = YES_AGGRESSIVE;
				CLANG_CXX_LANGUAGE_STANDARD = "gnu++14";
				CLANG_CXX_LIBRARY = "libc++";
				CLANG_ENABLE_MODULES = YES;
				CLANG_ENABLE_OBJC_ARC = YES;
				CLANG_ENABLE_OBJC_WEAK = YES;
				CLANG_WARN_BLOCK_CAPTURE_AUTORELEASING = YES;
				CLANG_WARN_BOOL_CONVERSION = YES;
				CLANG_WARN_COMMA = YES;
				CLANG_WARN_CONSTANT_CONVERSION = YES;
				CLANG_WARN_DEPRECATED_OBJC_IMPLEMENTATIONS = YES;
				CLANG_WARN_DIRECT_OBJC_ISA_USAGE = YES_ERROR;
				CLANG_WARN_DOCUMENTATION_COMMENTS = YES;
				CLANG_WARN_EMPTY_BODY = YES;
				CLANG_WARN_ENUM_CONVERSION = YES;
				CLANG_WARN_INFINITE_RECURSION = YES;
				CLANG_WARN_INT_CONVERSION = YES;
				CLANG_WARN_NON_LITERAL_NULL_CONVERSION = YES;
				CLANG_WARN_OBJC_IMPLICIT_RETAIN_SELF = YES;
				CLANG_WARN_OBJC_LITERAL_CONVERSION = YES;
				CLANG_WARN_OBJC_ROOT_CLASS = YES_ERROR;
				CLANG_WARN_QUOTED_INCLUDE_IN_FRAMEWORK_HEADER = YES;
				CLANG_WARN_RANGE_LOOP_ANALYSIS = YES;
				CLANG_WARN_STRICT_PROTOTYPES = YES;
				CLANG_WARN_SUSPICIOUS_MOVE = YES;
				CLANG_WARN_UNGUARDED_AVAILABILITY = YES_AGGRESSIVE;
				CLANG_WARN_UNREACHABLE_CODE = YES;
				CLANG_WARN__DUPLICATE_METHOD_MATCH = YES;
				COPY_PHASE_STRIP = NO;
				DEBUG_INFORMATION_FORMAT = "dwarf-with-dsym";
				ENABLE_NS_ASSERTIONS = NO;
				ENABLE_STRICT_OBJC_MSGSEND = YES;
				GCC_C_LANGUAGE_STANDARD = gnu11;
				GCC_NO_COMMON_BLOCKS = YES;
				GCC_WARN_64_TO_32_BIT_CONVERSION = YES;
				GCC_WARN_ABOUT_RETURN_TYPE = YES_ERROR;
				GCC_WARN_UNDECLARED_SELECTOR = YES;
				GCC_WARN_UNINITIALIZED_AUTOS = YES_AGGRESSIVE;
				GCC_WARN_UNUSED_FUNCTION = YES;
				GCC_WARN_UNUSED_VARIABLE = YES;
				IPHONEOS_DEPLOYMENT_TARGET = 14.4;
				MTL_ENABLE_DEBUG_INFO = NO;
				MTL_FAST_MATH = YES;
				SDKROOT = iphoneos;
				SWIFT_COMPILATION_MODE = wholemodule;
				SWIFT_OPTIMIZATION_LEVEL = "-O";
				VALIDATE_PRODUCT = YES;
			};
			name = Release;
		};
		6CB6537A25D696190043DF16 /* Debug */ = {
			isa = XCBuildConfiguration;
			buildSettings = {
				ASSETCATALOG_COMPILER_APPICON_NAME = AppIcon;
				ASSETCATALOG_COMPILER_GLOBAL_ACCENT_COLOR_NAME = AccentColor;
				CODE_SIGN_STYLE = Automatic;
				DEVELOPMENT_ASSET_PATHS = "\"Fruits/Preview Content\"";
				DEVELOPMENT_TEAM = 35W7TZ9DUM;
				ENABLE_PREVIEWS = YES;
				INFOPLIST_FILE = Fruits/Info.plist;
				LD_RUNPATH_SEARCH_PATHS = (
					"$(inherited)",
					"@executable_path/Frameworks",
				);
				PRODUCT_BUNDLE_IDENTIFIER = com.paige.development.Fruits;
				PRODUCT_NAME = "$(TARGET_NAME)";
				SWIFT_VERSION = 5.0;
				TARGETED_DEVICE_FAMILY = "1,2";
			};
			name = Debug;
		};
		6CB6537B25D696190043DF16 /* Release */ = {
			isa = XCBuildConfiguration;
			buildSettings = {
				ASSETCATALOG_COMPILER_APPICON_NAME = AppIcon;
				ASSETCATALOG_COMPILER_GLOBAL_ACCENT_COLOR_NAME = AccentColor;
				CODE_SIGN_STYLE = Automatic;
				DEVELOPMENT_ASSET_PATHS = "\"Fruits/Preview Content\"";
				DEVELOPMENT_TEAM = 35W7TZ9DUM;
				ENABLE_PREVIEWS = YES;
				INFOPLIST_FILE = Fruits/Info.plist;
				LD_RUNPATH_SEARCH_PATHS = (
					"$(inherited)",
					"@executable_path/Frameworks",
				);
				PRODUCT_BUNDLE_IDENTIFIER = com.paige.development.Fruits;
				PRODUCT_NAME = "$(TARGET_NAME)";
				SWIFT_VERSION = 5.0;
				TARGETED_DEVICE_FAMILY = "1,2";
			};
			name = Release;
		};
		6CB6537D25D696190043DF16 /* Debug */ = {
			isa = XCBuildConfiguration;
			buildSettings = {
				ALWAYS_EMBED_SWIFT_STANDARD_LIBRARIES = YES;
				BUNDLE_LOADER = "$(TEST_HOST)";
				CODE_SIGN_STYLE = Automatic;
				DEVELOPMENT_TEAM = 35W7TZ9DUM;
				INFOPLIST_FILE = FruitsTests/Info.plist;
				IPHONEOS_DEPLOYMENT_TARGET = 14.4;
				LD_RUNPATH_SEARCH_PATHS = (
					"$(inherited)",
					"@executable_path/Frameworks",
					"@loader_path/Frameworks",
				);
				PRODUCT_BUNDLE_IDENTIFIER = com.paige.development.FruitsTests;
				PRODUCT_NAME = "$(TARGET_NAME)";
				SWIFT_VERSION = 5.0;
				TARGETED_DEVICE_FAMILY = "1,2";
				TEST_HOST = "$(BUILT_PRODUCTS_DIR)/Fruits.app/Fruits";
			};
			name = Debug;
		};
		6CB6537E25D696190043DF16 /* Release */ = {
			isa = XCBuildConfiguration;
			buildSettings = {
				ALWAYS_EMBED_SWIFT_STANDARD_LIBRARIES = YES;
				BUNDLE_LOADER = "$(TEST_HOST)";
				CODE_SIGN_STYLE = Automatic;
				DEVELOPMENT_TEAM = 35W7TZ9DUM;
				INFOPLIST_FILE = FruitsTests/Info.plist;
				IPHONEOS_DEPLOYMENT_TARGET = 14.4;
				LD_RUNPATH_SEARCH_PATHS = (
					"$(inherited)",
					"@executable_path/Frameworks",
					"@loader_path/Frameworks",
				);
				PRODUCT_BUNDLE_IDENTIFIER = com.paige.development.FruitsTests;
				PRODUCT_NAME = "$(TARGET_NAME)";
				SWIFT_VERSION = 5.0;
				TARGETED_DEVICE_FAMILY = "1,2";
				TEST_HOST = "$(BUILT_PRODUCTS_DIR)/Fruits.app/Fruits";
			};
			name = Release;
		};
		6CB6538025D696190043DF16 /* Debug */ = {
			isa = XCBuildConfiguration;
			buildSettings = {
				ALWAYS_EMBED_SWIFT_STANDARD_LIBRARIES = YES;
				CODE_SIGN_STYLE = Automatic;
				DEVELOPMENT_TEAM = 35W7TZ9DUM;
				INFOPLIST_FILE = FruitsUITests/Info.plist;
				LD_RUNPATH_SEARCH_PATHS = (
					"$(inherited)",
					"@executable_path/Frameworks",
					"@loader_path/Frameworks",
				);
				PRODUCT_BUNDLE_IDENTIFIER = com.paige.development.FruitsUITests;
				PRODUCT_NAME = "$(TARGET_NAME)";
				SWIFT_VERSION = 5.0;
				TARGETED_DEVICE_FAMILY = "1,2";
				TEST_TARGET_NAME = Fruits;
			};
			name = Debug;
		};
		6CB6538125D696190043DF16 /* Release */ = {
			isa = XCBuildConfiguration;
			buildSettings = {
				ALWAYS_EMBED_SWIFT_STANDARD_LIBRARIES = YES;
				CODE_SIGN_STYLE = Automatic;
				DEVELOPMENT_TEAM = 35W7TZ9DUM;
				INFOPLIST_FILE = FruitsUITests/Info.plist;
				LD_RUNPATH_SEARCH_PATHS = (
					"$(inherited)",
					"@executable_path/Frameworks",
					"@loader_path/Frameworks",
				);
				PRODUCT_BUNDLE_IDENTIFIER = com.paige.development.FruitsUITests;
				PRODUCT_NAME = "$(TARGET_NAME)";
				SWIFT_VERSION = 5.0;
				TARGETED_DEVICE_FAMILY = "1,2";
				TEST_TARGET_NAME = Fruits;
			};
			name = Release;
		};
/* End XCBuildConfiguration section */

/* Begin XCConfigurationList section */
		6CB6534A25D696180043DF16 /* Build configuration list for PBXProject "Fruits" */ = {
			isa = XCConfigurationList;
			buildConfigurations = (
				6CB6537725D696190043DF16 /* Debug */,
				6CB6537825D696190043DF16 /* Release */,
			);
			defaultConfigurationIsVisible = 0;
			defaultConfigurationName = Release;
		};
		6CB6537925D696190043DF16 /* Build configuration list for PBXNativeTarget "Fruits" */ = {
			isa = XCConfigurationList;
			buildConfigurations = (
				6CB6537A25D696190043DF16 /* Debug */,
				6CB6537B25D696190043DF16 /* Release */,
			);
			defaultConfigurationIsVisible = 0;
			defaultConfigurationName = Release;
		};
		6CB6537C25D696190043DF16 /* Build configuration list for PBXNativeTarget "FruitsTests" */ = {
			isa = XCConfigurationList;
			buildConfigurations = (
				6CB6537D25D696190043DF16 /* Debug */,
				6CB6537E25D696190043DF16 /* Release */,
			);
			defaultConfigurationIsVisible = 0;
			defaultConfigurationName = Release;
		};
		6CB6537F25D696190043DF16 /* Build configuration list for PBXNativeTarget "FruitsUITests" */ = {
			isa = XCConfigurationList;
			buildConfigurations = (
				6CB6538025D696190043DF16 /* Debug */,
				6CB6538125D696190043DF16 /* Release */,
			);
			defaultConfigurationIsVisible = 0;
			defaultConfigurationName = Release;
		};
/* End XCConfigurationList section */
	};
	rootObject = 6CB6534725D696180043DF16 /* Project object */;
}
